
Microsoft Visual Studio Solution File, Format Version 12.00
# Visual Studio Version 17
VisualStudioVersion = 17.13.35931.197
MinimumVisualStudioVersion = 10.0.40219.1
Project("{FAE04EC0-301F-11D3-BF4B-00C04F79EFBC}") = "CSharpStudy", "CSharpStudy\CSharpStudy.csproj", "{BA09A394-7913-4BC2-8058-AFACF8F37932}"
EndProject
Project("{FAE04EC0-301F-11D3-BF4B-00C04F79EFBC}") = "Variables", "Variables\Variables.csproj", "{4221722F-D30E-400E-898A-227E88916E72}"
EndProject
Project("{FAE04EC0-301F-11D3-BF4B-00C04F79EFBC}") = "Array", "Array\Array.csproj", "{724377BC-76EE-40DD-BABB-5830B51CA9AD}"
EndProject
Project("{FAE04EC0-301F-11D3-BF4B-00C04F79EFBC}") = "VariableExample", "VariableExample\VariableExample.csproj", "{EEFBE50A-B9F9-40AA-BB4B-D3AAC2A88C9B}"
EndProject
Project("{FAE04EC0-301F-11D3-BF4B-00C04F79EFBC}") = "Operator", "Operator\Operator.csproj", "{A5960916-20B1-437B-B5F0-E430D7EF9D76}"
EndProject
Project("{FAE04EC0-301F-11D3-BF4B-00C04F79EFBC}") = "ifExample", "ifExample\ifExample.csproj", "{A07C360B-2B4C-41FC-842E-0C74B9DC79A2}"
EndProject
Global
	GlobalSection(SolutionConfigurationPlatforms) = preSolution
		Debug|Any CPU = Debug|Any CPU
		Release|Any CPU = Release|Any CPU
	EndGlobalSection
	GlobalSection(ProjectConfigurationPlatforms) = postSolution
		{BA09A394-7913-4BC2-8058-AFACF8F37932}.Debug|Any CPU.ActiveCfg = Debug|Any CPU
		{BA09A394-7913-4BC2-8058-AFACF8F37932}.Debug|Any CPU.Build.0 = Debug|Any CPU
		{BA09A394-7913-4BC2-8058-AFACF8F37932}.Release|Any CPU.ActiveCfg = Release|Any CPU
		{BA09A394-7913-4BC2-8058-AFACF8F37932}.Release|Any CPU.Build.0 = Release|Any CPU
		{4221722F-D30E-400E-898A-227E88916E72}.Debug|Any CPU.ActiveCfg = Debug|Any CPU
		{4221722F-D30E-400E-898A-227E88916E72}.Debug|Any CPU.Build.0 = Debug|Any CPU
		{4221722F-D30E-400E-898A-227E88916E72}.Release|Any CPU.ActiveCfg = Release|Any CPU
		{4221722F-D30E-400E-898A-227E88916E72}.Release|Any CPU.Build.0 = Release|Any CPU
		{724377BC-76EE-40DD-BABB-5830B51CA9AD}.Debug|Any CPU.ActiveCfg = Debug|Any CPU
		{724377BC-76EE-40DD-BABB-5830B51CA9AD}.Debug|Any CPU.Build.0 = Debug|Any CPU
		{724377BC-76EE-40DD-BABB-5830B51CA9AD}.Release|Any CPU.ActiveCfg = Release|Any CPU
		{724377BC-76EE-40DD-BABB-5830B51CA9AD}.Release|Any CPU.Build.0 = Release|Any CPU
		{EEFBE50A-B9F9-40AA-BB4B-D3AAC2A88C9B}.Debug|Any CPU.ActiveCfg = Debug|Any CPU
		{EEFBE50A-B9F9-40AA-BB4B-D3AAC2A88C9B}.Debug|Any CPU.Build.0 = Debug|Any CPU
		{EEFBE50A-B9F9-40AA-BB4B-D3AAC2A88C9B}.Release|Any CPU.ActiveCfg = Release|Any CPU
		{EEFBE50A-B9F9-40AA-BB4B-D3AAC2A88C9B}.Release|Any CPU.Build.0 = Release|Any CPU
		{A5960916-20B1-437B-B5F0-E430D7EF9D76}.Debug|Any CPU.ActiveCfg = Debug|Any CPU
		{A5960916-20B1-437B-B5F0-E430D7EF9D76}.Debug|Any CPU.Build.0 = Debug|Any CPU
		{A5960916-20B1-437B-B5F0-E430D7EF9D76}.Release|Any CPU.ActiveCfg = Release|Any CPU
		{A5960916-20B1-437B-B5F0-E430D7EF9D76}.Release|Any CPU.Build.0 = Release|Any CPU
		{A07C360B-2B4C-41FC-842E-0C74B9DC79A2}.Debug|Any CPU.ActiveCfg = Debug|Any CPU
		{A07C360B-2B4C-41FC-842E-0C74B9DC79A2}.Debug|Any CPU.Build.0 = Debug|Any CPU
		{A07C360B-2B4C-41FC-842E-0C74B9DC79A2}.Release|Any CPU.ActiveCfg = Release|Any CPU
		{A07C360B-2B4C-41FC-842E-0C74B9DC79A2}.Release|Any CPU.Build.0 = Release|Any CPU
	EndGlobalSection
	GlobalSection(SolutionProperties) = preSolution
		HideSolutionNode = FALSE
	EndGlobalSection
	GlobalSection(ExtensibilityGlobals) = postSolution
		SolutionGuid = {26D281ED-E591-480E-B6F4-B2FE670E9F1B}
	EndGlobalSection
EndGlobal
